
Microsoft Visual Studio Solution File, Format Version 12.00
# Visual Studio 15
VisualStudioVersion = 15.0.28010.2036
MinimumVisualStudioVersion = 10.0.40219.1
Project("{9A19103F-16F7-4668-BE54-9A1E7A4F7556}") = "Web.Host", "Web.Host\Web.Host.csproj", "{B280CA4F-BD9F-4192-BE85-67918B051C0E}"
EndProject
Project("{E53339B2-1760-4266-BCC7-CA923CBCF16C}") = "docker-compose", "docker-compose.dcproj", "{CBE49A90-FA99-432B-A573-D1A21713575F}"
EndProject
Global
	GlobalSection(SolutionConfigurationPlatforms) = preSolution
		Debug|Any CPU = Debug|Any CPU
		Release|Any CPU = Release|Any CPU
	EndGlobalSection
	GlobalSection(ProjectConfigurationPlatforms) = postSolution
		{B280CA4F-BD9F-4192-BE85-67918B051C0E}.Debug|Any CPU.ActiveCfg = Debug|Any CPU
		{B280CA4F-BD9F-4192-BE85-67918B051C0E}.Debug|Any CPU.Build.0 = Debug|Any CPU
		{B280CA4F-BD9F-4192-BE85-67918B051C0E}.Release|Any CPU.ActiveCfg = Release|Any CPU
		{B280CA4F-BD9F-4192-BE85-67918B051C0E}.Release|Any CPU.Build.0 = Release|Any CPU
		{CBE49A90-FA99-432B-A573-D1A21713575F}.Debug|Any CPU.ActiveCfg = Debug|Any CPU
		{CBE49A90-FA99-432B-A573-D1A21713575F}.Debug|Any CPU.Build.0 = Debug|Any CPU
		{CBE49A90-FA99-432B-A573-D1A21713575F}.Release|Any CPU.ActiveCfg = Release|Any CPU
		{CBE49A90-FA99-432B-A573-D1A21713575F}.Release|Any CPU.Build.0 = Release|Any CPU
	EndGlobalSection
	GlobalSection(SolutionProperties) = preSolution
		HideSolutionNode = FALSE
	EndGlobalSection
	GlobalSection(ExtensibilityGlobals) = postSolution
		SolutionGuid = {F82D3D97-E4B4-4F6E-801D-7CD03FDD9418}
	EndGlobalSection
EndGlobal
